// !$*UTF8*$!
{
	archiveVersion = 1;
	classes = {
	};
	objectVersion = 77;
	objects = {

/* Begin PBXBuildFile section */
		FEED000000000000000000AE /* Wheel WatchWidgets.appex in Embed Foundation Extensions */ = {isa = PBXBuildFile; fileRef = FEED000000000000000000A1 /* Wheel WatchWidgets.appex */; };
/* End PBXBuildFile section */

/* Begin PBXContainerItemProxy section */
		6AA9B2313058B04C00902ECB /* PBXContainerItemProxy */ = {
			isa = PBXContainerItemProxy;
			containerPortal = 6AA9B21B3058B04B00902ECB /* Project object */;
			proxyType = 1;
			remoteGlobalIDString = 6AA9B2223058B04B00902ECB;
			remoteInfo = "Wheel Watch";
		};
		6AA9B23B3058B04C00902ECB /* PBXContainerItemProxy */ = {
			isa = PBXContainerItemProxy;
			containerPortal = 6AA9B21B3058B04B00902ECB /* Project object */;
			proxyType = 1;
			remoteGlobalIDString = 6AA9B2223058B04B00902ECB;
			remoteInfo = "Wheel Watch";
		};
		FEED000000000000000000AB /* PBXContainerItemProxy */ = {
			isa = PBXContainerItemProxy;
			containerPortal = 6AA9B21B3058B04B00902ECB /* Project object */;
			proxyType = 1;
			remoteGlobalIDString = FEED000000000000000000A3;
			remoteInfo = "Wheel WatchWidgets";
		};
/* End PBXContainerItemProxy section */

/* Begin PBXCopyFilesBuildPhase section */
		FEED000000000000000000AC /* Embed Foundation Extensions */ = {
			isa = PBXCopyFilesBuildPhase;
			buildActionMask = 2147483647;
			dstPath = "";
			dstSubfolderSpec = 13;
			files = (
				FEED000000000000000000AE /* Wheel WatchWidgets.appex in Embed Foundation Extensions */,
			);
			name = "Embed Foundation Extensions";
			runOnlyForDeploymentPostprocessing = 0;
		};
/* End PBXCopyFilesBuildPhase section */

/* Begin PBXFileReference section */
		6AA9B2233058B04B00902ECB /* Wheel Watch.app */ = {isa = PBXFileReference; explicitFileType = wrapper.application; includeInIndex = 0; path = "Wheel Watch.app"; sourceTree = BUILT_PRODUCTS_DIR; };
		6AA9B2303058B04C00902ECB /* Wheel WatchTests.xctest */ = {isa = PBXFileReference; explicitFileType = wrapper.cfbundle; includeInIndex = 0; path = "Wheel WatchTests.xctest"; sourceTree = BUILT_PRODUCTS_DIR; };
		6AA9B23A3058B04C00902ECB /* Wheel WatchUITests.xctest */ = {isa = PBXFileReference; explicitFileType = wrapper.cfbundle; includeInIndex = 0; path = "Wheel WatchUITests.xctest"; sourceTree = BUILT_PRODUCTS_DIR; };
		FEED000000000000000000A1 /* Wheel WatchWidgets.appex */ = {isa = PBXFileReference; explicitFileType = "wrapper.app-extension"; includeInIndex = 0; path = "Wheel WatchWidgets.appex"; sourceTree = BUILT_PRODUCTS_DIR; };
/* End PBXFileReference section */

/* Begin PBXFileSystemSynchronizedBuildFileExceptionSet section */
		FEED000000000000000000B0 /* Exceptions for "Wheel Watch" folder in "Wheel Watch" target */ = {
			isa = PBXFileSystemSynchronizedBuildFileExceptionSet;
			membershipExceptions = (
				Info.plist,
			);
			target = 6AA9B2223058B04B00902ECB /* Wheel Watch */;
		};
		FEED000000000000000000B1 /* Exceptions for "Wheel WatchWidgets" folder in "Wheel WatchWidgets" target */ = {
			isa = PBXFileSystemSynchronizedBuildFileExceptionSet;
			membershipExceptions = (
				Info.plist,
			);
			target = FEED000000000000000000A3 /* Wheel WatchWidgets */;
		};
/* End PBXFileSystemSynchronizedBuildFileExceptionSet section */

/* Begin PBXFileSystemSynchronizedRootGroup section */
		6AA9B2253058B04B00902ECB /* Wheel Watch */ = {
			isa = PBXFileSystemSynchronizedRootGroup;
			exceptions = (
				FEED000000000000000000B0 /* Exceptions for "Wheel Watch" folder in "Wheel Watch" target */,
			);
			path = "Wheel Watch";
			sourceTree = "<group>";
		};
		6AA9B2333058B04C00902ECB /* Wheel WatchTests */ = {
			isa = PBXFileSystemSynchronizedRootGroup;
			path = "Wheel WatchTests";
			sourceTree = "<group>";
		};
		6AA9B23D3058B04C00902ECB /* Wheel WatchUITests */ = {
			isa = PBXFileSystemSynchronizedRootGroup;
			path = "Wheel WatchUITests";
			sourceTree = "<group>";
		};
		FEED000000000000000000A2 /* Wheel WatchWidgets */ = {
			isa = PBXFileSystemSynchronizedRootGroup;
			exceptions = (
				FEED000000000000000000B1 /* Exceptions for "Wheel WatchWidgets" folder in "Wheel WatchWidgets" target */,
			);
			path = "Wheel WatchWidgets";
			sourceTree = "<group>";
		};
/* End PBXFileSystemSynchronizedRootGroup section */

/* Begin PBXFrameworksBuildPhase section */
		FEED000000000000000000A5 /* Frameworks */ = {
			isa = PBXFrameworksBuildPhase;
			buildActionMask = 2147483647;
			files = (
			);
			runOnlyForDeploymentPostprocessing = 0;
		};
		6AA9B2203058B04B00902ECB /* Frameworks */ = {
			isa = PBXFrameworksBuildPhase;
			buildActionMask = 2147483647;
			files = (
			);
			runOnlyForDeploymentPostprocessing = 0;
		};
		6AA9B22D3058B04C00902ECB /* Frameworks */ = {
			isa = PBXFrameworksBuildPhase;
			buildActionMask = 2147483647;
			files = (
			);
			runOnlyForDeploymentPostprocessing = 0;
		};
		6AA9B2373058B04C00902ECB /* Frameworks */ = {
			isa = PBXFrameworksBuildPhase;
			buildActionMask = 2147483647;
			files = (
			);
			runOnlyForDeploymentPostprocessing = 0;
		};
/* End PBXFrameworksBuildPhase section */

/* Begin PBXGroup section */
		6AA9B21A3058B04B00902ECB = {
			isa = PBXGroup;
			children = (
				6AA9B2253058B04B00902ECB /* Wheel Watch */,
				6AA9B2333058B04C00902ECB /* Wheel WatchTests */,
				6AA9B23D3058B04C00902ECB /* Wheel WatchUITests */,
				FEED000000000000000000A2 /* Wheel WatchWidgets */,
				6AA9B2243058B04B00902ECB /* Products */,
			);
			sourceTree = "<group>";
		};
		6AA9B2243058B04B00902ECB /* Products */ = {
			isa = PBXGroup;
			children = (
				6AA9B2233058B04B00902ECB /* Wheel Watch.app */,
				6AA9B2303058B04C00902ECB /* Wheel WatchTests.xctest */,
				6AA9B23A3058B04C00902ECB /* Wheel WatchUITests.xctest */,
				FEED000000000000000000A1 /* Wheel WatchWidgets.appex */,
			);
			name = Products;
			sourceTree = "<group>";
		};
/* End PBXGroup section */

/* Begin PBXNativeTarget section */
		6AA9B2223058B04B00902ECB /* Wheel Watch */ = {
			isa = PBXNativeTarget;
			buildConfigurationList = 6AA9B2443058B04C00902ECB /* Build configuration list for PBXNativeTarget "Wheel Watch" */;
			buildPhases = (
				6AA9B21F3058B04B00902ECB /* Sources */,
				6AA9B2203058B04B00902ECB /* Frameworks */,
				6AA9B2213058B04B00902ECB /* Resources */,
				FEED000000000000000000AC /* Embed Foundation Extensions */,
			);
			buildRules = (
			);
			dependencies = (
				FEED000000000000000000AA /* PBXTargetDependency */,
			);
			fileSystemSynchronizedGroups = (
				6AA9B2253058B04B00902ECB /* Wheel Watch */,
			);
			name = "Wheel Watch";
			packageProductDependencies = (
			);
			productName = "Wheel Watch";
			productReference = 6AA9B2233058B04B00902ECB /* Wheel Watch.app */;
			productType = "com.apple.product-type.application";
		};
		6AA9B22F3058B04C00902ECB /* Wheel WatchTests */ = {
			isa = PBXNativeTarget;
			buildConfigurationList = 6AA9B2473058B04C00902ECB /* Build configuration list for PBXNativeTarget "Wheel WatchTests" */;
			buildPhases = (
				6AA9B22C3058B04C00902ECB /* Sources */,
				6AA9B22D3058B04C00902ECB /* Frameworks */,
				6AA9B22E3058B04C00902ECB /* Resources */,
			);
			buildRules = (
			);
			dependencies = (
				6AA9B2323058B04C00902ECB /* PBXTargetDependency */,
			);
			fileSystemSynchronizedGroups = (
				6AA9B2333058B04C00902ECB /* Wheel WatchTests */,
			);
			name = "Wheel WatchTests";
			packageProductDependencies = (
			);
			productName = "Wheel WatchTests";
			productReference = 6AA9B2303058B04C00902ECB /* Wheel WatchTests.xctest */;
			productType = "com.apple.product-type.bundle.unit-test";
		};
		6AA9B2393058B04C00902ECB /* Wheel WatchUITests */ = {
			isa = PBXNativeTarget;
			buildConfigurationList = 6AA9B24A3058B04C00902ECB /* Build configuration list for PBXNativeTarget "Wheel WatchUITests" */;
			buildPhases = (
				6AA9B2363058B04C00902ECB /* Sources */,
				6AA9B2373058B04C00902ECB /* Frameworks */,
				6AA9B2383058B04C00902ECB /* Resources */,
			);
			buildRules = (
			);
			dependencies = (
				6AA9B23C3058B04C00902ECB /* PBXTargetDependency */,
			);
			fileSystemSynchronizedGroups = (
				6AA9B23D3058B04C00902ECB /* Wheel WatchUITests */,
			);
			name = "Wheel WatchUITests";
			packageProductDependencies = (
			);
			productName = "Wheel WatchUITests";
			productReference = 6AA9B23A3058B04C00902ECB /* Wheel WatchUITests.xctest */;
			productType = "com.apple.product-type.bundle.ui-testing";
		};
		FEED000000000000000000A3 /* Wheel WatchWidgets */ = {
			isa = PBXNativeTarget;
			buildConfigurationList = FEED000000000000000000A7 /* Build configuration list for PBXNativeTarget "Wheel WatchWidgets" */;
			buildPhases = (
				FEED000000000000000000A4 /* Sources */,
				FEED000000000000000000A5 /* Frameworks */,
				FEED000000000000000000A6 /* Resources */,
			);
			buildRules = (
			);
			dependencies = (
			);
			fileSystemSynchronizedGroups = (
				FEED000000000000000000A2 /* Wheel WatchWidgets */,
			);
			name = "Wheel WatchWidgets";
			packageProductDependencies = (
			);
			productName = "Wheel WatchWidgets";
			productReference = FEED000000000000000000A1 /* Wheel WatchWidgets.appex */;
			productType = "com.apple.product-type.app-extension";
		};
/* End PBXNativeTarget section */

/* Begin PBXProject section */
		6AA9B21B3058B04B00902ECB /* Project object */ = {
			isa = PBXProject;
			attributes = {
				BuildIndependentTargetsInParallel = 1;
				LastSwiftUpdateCheck = 2640;
				LastUpgradeCheck = 2640;
				TargetAttributes = {
					6AA9B2223058B04B00902ECB = {
						CreatedOnToolsVersion = 26.4.1;
					};
					6AA9B22F3058B04C00902ECB = {
						CreatedOnToolsVersion = 26.4.1;
						TestTargetID = 6AA9B2223058B04B00902ECB;
					};
					6AA9B2393058B04C00902ECB = {
						CreatedOnToolsVersion = 26.4.1;
						TestTargetID = 6AA9B2223058B04B00902ECB;
					};
				};
			};
			buildConfigurationList = 6AA9B21E3058B04B00902ECB /* Build configuration list for PBXProject "Wheel Watch" */;
			developmentRegion = en;
			hasScannedForEncodings = 0;
			knownRegions = (
				en,
				Base,
			);
			mainGroup = 6AA9B21A3058B04B00902ECB;
			minimizedProjectReferenceProxies = 1;
			preferredProjectObjectVersion = 77;
			productRefGroup = 6AA9B2243058B04B00902ECB /* Products */;
			projectDirPath = "";
			projectRoot = "";
			targets = (
				6AA9B2223058B04B00902ECB /* Wheel Watch */,
				6AA9B22F3058B04C00902ECB /* Wheel WatchTests */,
				6AA9B2393058B04C00902ECB /* Wheel WatchUITests */,
				FEED000000000000000000A3 /* Wheel WatchWidgets */,
			);
		};
/* End PBXProject section */

/* Begin PBXResourcesBuildPhase section */
		FEED000000000000000000A6 /* Resources */ = {
			isa = PBXResourcesBuildPhase;
			buildActionMask = 2147483647;
			files = (
			);
			runOnlyForDeploymentPostprocessing = 0;
		};
		6AA9B2213058B04B00902ECB /* Resources */ = {
			isa = PBXResourcesBuildPhase;
			buildActionMask = 2147483647;
			files = (
			);
			runOnlyForDeploymentPostprocessing = 0;
		};
		6AA9B22E3058B04C00902ECB /* Resources */ = {
			isa = PBXResourcesBuildPhase;
			buildActionMask = 2147483647;
			files = (
			);
			runOnlyForDeploymentPostprocessing = 0;
		};
		6AA9B2383058B04C00902ECB /* Resources */ = {
			isa = PBXResourcesBuildPhase;
			buildActionMask = 2147483647;
			files = (
			);
			runOnlyForDeploymentPostprocessing = 0;
		};
/* End PBXResourcesBuildPhase section */

/* Begin PBXSourcesBuildPhase section */
		FEED000000000000000000A4 /* Sources */ = {
			isa = PBXSourcesBuildPhase;
			buildActionMask = 2147483647;
			files = (
			);
			runOnlyForDeploymentPostprocessing = 0;
		};
		6AA9B21F3058B04B00902ECB /* Sources */ = {
			isa = PBXSourcesBuildPhase;
			buildActionMask = 2147483647;
			files = (
			);
			runOnlyForDeploymentPostprocessing = 0;
		};
		6AA9B22C3058B04C00902ECB /* Sources */ = {
			isa = PBXSourcesBuildPhase;
			buildActionMask = 2147483647;
			files = (
			);
			runOnlyForDeploymentPostprocessing = 0;
		};
		6AA9B2363058B04C00902ECB /* Sources */ = {
			isa = PBXSourcesBuildPhase;
			buildActionMask = 2147483647;
			files = (
			);
			runOnlyForDeploymentPostprocessing = 0;
		};
/* End PBXSourcesBuildPhase section */

/* Begin PBXTargetDependency section */
		6AA9B2323058B04C00902ECB /* PBXTargetDependency */ = {
			isa = PBXTargetDependency;
			target = 6AA9B2223058B04B00902ECB /* Wheel Watch */;
			targetProxy = 6AA9B2313058B04C00902ECB /* PBXContainerItemProxy */;
		};
		6AA9B23C3058B04C00902ECB /* PBXTargetDependency */ = {
			isa = PBXTargetDependency;
			target = 6AA9B2223058B04B00902ECB /* Wheel Watch */;
			targetProxy = 6AA9B23B3058B04C00902ECB /* PBXContainerItemProxy */;
		};
/* End PBXTargetDependency section */

/* Begin PBXTargetDependency for widget */
		FEED000000000000000000AA /* PBXTargetDependency */ = {
			isa = PBXTargetDependency;
			target = FEED000000000000000000A3 /* Wheel WatchWidgets */;
			targetProxy = FEED000000000000000000AB /* PBXContainerItemProxy */;
		};
/* End PBXTargetDependency for widget */

/* Begin XCBuildConfiguration section */
		6AA9B2423058B04C00902ECB /* Debug */ = {
			isa = XCBuildConfiguration;
			buildSettings = {
				ALWAYS_SEARCH_USER_PATHS = NO;
				ASSETCATALOG_COMPILER_GENERATE_SWIFT_ASSET_SYMBOL_EXTENSIONS = YES;
				CLANG_ANALYZER_NONNULL = YES;
				CLANG_ANALYZER_NUMBER_OBJECT_CONVERSION = YES_AGGRESSIVE;
				CLANG_CXX_LANGUAGE_STANDARD = "gnu++20";
				CLANG_ENABLE_MODULES = YES;
				CLANG_ENABLE_OBJC_ARC = YES;
				CLANG_ENABLE_OBJC_WEAK = YES;
				CLANG_WARN_BLOCK_CAPTURE_AUTORELEASING = YES;
				CLANG_WARN_BOOL_CONVERSION = YES;
				CLANG_WARN_COMMA = YES;
				CLANG_WARN_CONSTANT_CONVERSION = YES;
				CLANG_WARN_DEPRECATED_OBJC_IMPLEMENTATIONS = YES;
				CLANG_WARN_DIRECT_OBJC_ISA_USAGE = YES_ERROR;
				CLANG_WARN_DOCUMENTATION_COMMENTS = YES;
				CLANG_WARN_EMPTY_BODY = YES;
				CLANG_WARN_ENUM_CONVERSION = YES;
				CLANG_WARN_INFINITE_RECURSION = YES;
				CLANG_WARN_INT_CONVERSION = YES;
				CLANG_WARN_NON_LITERAL_NULL_CONVERSION = YES;
				CLANG_WARN_OBJC_IMPLICIT_RETAIN_SELF = YES;
				CLANG_WARN_OBJC_LITERAL_CONVERSION = YES;
				CLANG_WARN_OBJC_ROOT_CLASS = YES_ERROR;
				CLANG_WARN_QUOTED_INCLUDE_IN_FRAMEWORK_HEADER = YES;
				CLANG_WARN_RANGE_LOOP_ANALYSIS = YES;
				CLANG_WARN_STRICT_PROTOTYPES = YES;
				CLANG_WARN_SUSPICIOUS_MOVE = YES;
				CLANG_WARN_UNGUARDED_AVAILABILITY = YES_AGGRESSIVE;
				CLANG_WARN_UNREACHABLE_CODE = YES;
				CLANG_WARN__DUPLICATE_METHOD_MATCH = YES;
				COPY_PHASE_STRIP = NO;
				DEBUG_INFORMATION_FORMAT = dwarf;
				DEVELOPMENT_TEAM = JP4TN5PTS3;
				ENABLE_STRICT_OBJC_MSGSEND = YES;
				ENABLE_TESTABILITY = YES;
				ENABLE_USER_SCRIPT_SANDBOXING = YES;
				GCC_C_LANGUAGE_STANDARD = gnu17;
				GCC_DYNAMIC_NO_PIC = NO;
				GCC_NO_COMMON_BLOCKS = YES;
				GCC_OPTIMIZATION_LEVEL = 0;
				GCC_PREPROCESSOR_DEFINITIONS = (
					"DEBUG=1",
					"$(inherited)",
				);
				GCC_WARN_64_TO_32_BIT_CONVERSION = YES;
				GCC_WARN_ABOUT_RETURN_TYPE = YES_ERROR;
				GCC_WARN_UNDECLARED_SELECTOR = YES;
				GCC_WARN_UNINITIALIZED_AUTOS = YES_AGGRESSIVE;
				GCC_WARN_UNUSED_FUNCTION = YES;
				GCC_WARN_UNUSED_VARIABLE = YES;
				IPHONEOS_DEPLOYMENT_TARGET = 17.0;
				LOCALIZATION_PREFERS_STRING_CATALOGS = YES;
				MTL_ENABLE_DEBUG_INFO = INCLUDE_SOURCE;
				MTL_FAST_MATH = YES;
				ONLY_ACTIVE_ARCH = YES;
				SDKROOT = iphoneos;
				SWIFT_ACTIVE_COMPILATION_CONDITIONS = "DEBUG $(inherited)";
				SWIFT_OPTIMIZATION_LEVEL = "-Onone";
			};
			name = Debug;
		};
		6AA9B2433058B04C00902ECB /* Release */ = {
			isa = XCBuildConfiguration;
			buildSettings = {
				ALWAYS_SEARCH_USER_PATHS = NO;
				ASSETCATALOG_COMPILER_GENERATE_SWIFT_ASSET_SYMBOL_EXTENSIONS = YES;
				CLANG_ANALYZER_NONNULL = YES;
				CLANG_ANALYZER_NUMBER_OBJECT_CONVERSION = YES_AGGRESSIVE;
				CLANG_CXX_LANGUAGE_STANDARD = "gnu++20";
				CLANG_ENABLE_MODULES = YES;
				CLANG_ENABLE_OBJC_ARC = YES;
				CLANG_ENABLE_OBJC_WEAK = YES;
				CLANG_WARN_BLOCK_CAPTURE_AUTORELEASING = YES;
				CLANG_WARN_BOOL_CONVERSION = YES;
				CLANG_WARN_COMMA = YES;
				CLANG_WARN_CONSTANT_CONVERSION = YES;
				CLANG_WARN_DEPRECATED_OBJC_IMPLEMENTATIONS = YES;
				CLANG_WARN_DIRECT_OBJC_ISA_USAGE = YES_ERROR;
				CLANG_WARN_DOCUMENTATION_COMMENTS = YES;
				CLANG_WARN_EMPTY_BODY = YES;
				CLANG_WARN_ENUM_CONVERSION = YES;
				CLANG_WARN_INFINITE_RECURSION = YES;
				CLANG_WARN_INT_CONVERSION = YES;
				CLANG_WARN_NON_LITERAL_NULL_CONVERSION = YES;
				CLANG_WARN_OBJC_IMPLICIT_RETAIN_SELF = YES;
				CLANG_WARN_OBJC_LITERAL_CONVERSION = YES;
				CLANG_WARN_OBJC_ROOT_CLASS = YES_ERROR;
				CLANG_WARN_QUOTED_INCLUDE_IN_FRAMEWORK_HEADER = YES;
				CLANG_WARN_RANGE_LOOP_ANALYSIS = YES;
				CLANG_WARN_STRICT_PROTOTYPES = YES;
				CLANG_WARN_SUSPICIOUS_MOVE = YES;
				CLANG_WARN_UNGUARDED_AVAILABILITY = YES_AGGRESSIVE;
				CLANG_WARN_UNREACHABLE_CODE = YES;
				CLANG_WARN__DUPLICATE_METHOD_MATCH = YES;
				COPY_PHASE_STRIP = NO;
				DEBUG_INFORMATION_FORMAT = "dwarf-with-dsym";
				DEVELOPMENT_TEAM = JP4TN5PTS3;
				ENABLE_NS_ASSERTIONS = NO;
				ENABLE_STRICT_OBJC_MSGSEND = YES;
				ENABLE_USER_SCRIPT_SANDBOXING = YES;
				GCC_C_LANGUAGE_STANDARD = gnu17;
				GCC_NO_COMMON_BLOCKS = YES;
				GCC_WARN_64_TO_32_BIT_CONVERSION = YES;
				GCC_WARN_ABOUT_RETURN_TYPE = YES_ERROR;
				GCC_WARN_UNDECLARED_SELECTOR = YES;
				GCC_WARN_UNINITIALIZED_AUTOS = YES_AGGRESSIVE;
				GCC_WARN_UNUSED_FUNCTION = YES;
				GCC_WARN_UNUSED_VARIABLE = YES;
				IPHONEOS_DEPLOYMENT_TARGET = 17.0;
				LOCALIZATION_PREFERS_STRING_CATALOGS = YES;
				MTL_ENABLE_DEBUG_INFO = NO;
				MTL_FAST_MATH = YES;
				SDKROOT = iphoneos;
				SWIFT_COMPILATION_MODE = wholemodule;
				VALIDATE_PRODUCT = YES;
			};
			name = Release;
		};
		6AA9B2453058B04C00902ECB /* Debug */ = {
			isa = XCBuildConfiguration;
			buildSettings = {
				ASSETCATALOG_COMPILER_APPICON_NAME = AppIcon;
				ASSETCATALOG_COMPILER_GLOBAL_ACCENT_COLOR_NAME = AccentColor;
				CODE_SIGN_STYLE = Automatic;
				CURRENT_PROJECT_VERSION = 1;
				DEVELOPMENT_TEAM = JP4TN5PTS3;
				ENABLE_PREVIEWS = YES;
				GENERATE_INFOPLIST_FILE = YES;
				CODE_SIGN_ENTITLEMENTS = "Wheel Watch/Wheel Watch.entitlements";
				INFOPLIST_FILE = "Wheel Watch/Info.plist";
				INFOPLIST_KEY_UIApplicationSceneManifest_Generation = YES;
				INFOPLIST_KEY_UIApplicationSupportsIndirectInputEvents = YES;
				INFOPLIST_KEY_UILaunchScreen_Generation = YES;
				INFOPLIST_KEY_UISupportedInterfaceOrientations_iPad = "UIInterfaceOrientationPortrait UIInterfaceOrientationPortraitUpsideDown UIInterfaceOrientationLandscapeLeft UIInterfaceOrientationLandscapeRight";
				INFOPLIST_KEY_UISupportedInterfaceOrientations_iPhone = "UIInterfaceOrientationPortrait UIInterfaceOrientationLandscapeLeft UIInterfaceOrientationLandscapeRight";
				IPHONEOS_DEPLOYMENT_TARGET = 17;
				LD_RUNPATH_SEARCH_PATHS = (
					"$(inherited)",
					"@executable_path/Frameworks",
				);
				MARKETING_VERSION = 1.0;
				PRODUCT_BUNDLE_IDENTIFIER = com.zzoutuo.wheelwatch;
				PRODUCT_NAME = "$(TARGET_NAME)";
				STRING_CATALOG_GENERATE_SYMBOLS = YES;
				SWIFT_APPROACHABLE_CONCURRENCY = YES;
				SWIFT_DEFAULT_ACTOR_ISOLATION = MainActor;
				SWIFT_EMIT_LOC_STRINGS = YES;
				SWIFT_UPCOMING_FEATURE_MEMBER_IMPORT_VISIBILITY = YES;
				SWIFT_VERSION = 5.0;
				TARGETED_DEVICE_FAMILY = "1,2";
			};
			name = Debug;
		};
		6AA9B2463058B04C00902ECB /* Release */ = {
			isa = XCBuildConfiguration;
			buildSettings = {
				ASSETCATALOG_COMPILER_APPICON_NAME = AppIcon;
				ASSETCATALOG_COMPILER_GLOBAL_ACCENT_COLOR_NAME = AccentColor;
				CODE_SIGN_STYLE = Automatic;
				CURRENT_PROJECT_VERSION = 1;
				DEVELOPMENT_TEAM = JP4TN5PTS3;
				ENABLE_PREVIEWS = YES;
				GENERATE_INFOPLIST_FILE = YES;
				CODE_SIGN_ENTITLEMENTS = "Wheel Watch/Wheel Watch.entitlements";
				INFOPLIST_FILE = "Wheel Watch/Info.plist";
				INFOPLIST_KEY_UIApplicationSceneManifest_Generation = YES;
				INFOPLIST_KEY_UIApplicationSupportsIndirectInputEvents = YES;
				INFOPLIST_KEY_UILaunchScreen_Generation = YES;
				INFOPLIST_KEY_UISupportedInterfaceOrientations_iPad = "UIInterfaceOrientationPortrait UIInterfaceOrientationPortraitUpsideDown UIInterfaceOrientationLandscapeLeft UIInterfaceOrientationLandscapeRight";
				INFOPLIST_KEY_UISupportedInterfaceOrientations_iPhone = "UIInterfaceOrientationPortrait UIInterfaceOrientationLandscapeLeft UIInterfaceOrientationLandscapeRight";
				IPHONEOS_DEPLOYMENT_TARGET = 17;
				LD_RUNPATH_SEARCH_PATHS = (
					"$(inherited)",
					"@executable_path/Frameworks",
				);
				MARKETING_VERSION = 1.0;
				PRODUCT_BUNDLE_IDENTIFIER = com.zzoutuo.wheelwatch;
				PRODUCT_NAME = "$(TARGET_NAME)";
				STRING_CATALOG_GENERATE_SYMBOLS = YES;
				SWIFT_APPROACHABLE_CONCURRENCY = YES;
				SWIFT_DEFAULT_ACTOR_ISOLATION = MainActor;
				SWIFT_EMIT_LOC_STRINGS = YES;
				SWIFT_UPCOMING_FEATURE_MEMBER_IMPORT_VISIBILITY = YES;
				SWIFT_VERSION = 5.0;
				TARGETED_DEVICE_FAMILY = "1,2";
			};
			name = Release;
		};
		6AA9B2483058B04C00902ECB /* Debug */ = {
			isa = XCBuildConfiguration;
			buildSettings = {
				BUNDLE_LOADER = "$(TEST_HOST)";
				CODE_SIGN_STYLE = Automatic;
				CURRENT_PROJECT_VERSION = 1;
				DEVELOPMENT_TEAM = JP4TN5PTS3;
				GENERATE_INFOPLIST_FILE = YES;
				IPHONEOS_DEPLOYMENT_TARGET = 17.0;
				MARKETING_VERSION = 1.0;
				PRODUCT_BUNDLE_IDENTIFIER = com.zzoutuo.wheelwatchTests;
				PRODUCT_NAME = "$(TARGET_NAME)";
				STRING_CATALOG_GENERATE_SYMBOLS = NO;
				SWIFT_APPROACHABLE_CONCURRENCY = YES;
				SWIFT_EMIT_LOC_STRINGS = NO;
				SWIFT_UPCOMING_FEATURE_MEMBER_IMPORT_VISIBILITY = YES;
				SWIFT_VERSION = 5.0;
				TARGETED_DEVICE_FAMILY = "1,2";
				TEST_HOST = "$(BUILT_PRODUCTS_DIR)/Wheel Watch.app/$(BUNDLE_EXECUTABLE_FOLDER_PATH)/Wheel Watch";
			};
			name = Debug;
		};
		6AA9B2493058B04C00902ECB /* Release */ = {
			isa = XCBuildConfiguration;
			buildSettings = {
				BUNDLE_LOADER = "$(TEST_HOST)";
				CODE_SIGN_STYLE = Automatic;
				CURRENT_PROJECT_VERSION = 1;
				DEVELOPMENT_TEAM = JP4TN5PTS3;
				GENERATE_INFOPLIST_FILE = YES;
				IPHONEOS_DEPLOYMENT_TARGET = 17.0;
				MARKETING_VERSION = 1.0;
				PRODUCT_BUNDLE_IDENTIFIER = com.zzoutuo.wheelwatchTests;
				PRODUCT_NAME = "$(TARGET_NAME)";
				STRING_CATALOG_GENERATE_SYMBOLS = NO;
				SWIFT_APPROACHABLE_CONCURRENCY = YES;
				SWIFT_EMIT_LOC_STRINGS = NO;
				SWIFT_UPCOMING_FEATURE_MEMBER_IMPORT_VISIBILITY = YES;
				SWIFT_VERSION = 5.0;
				TARGETED_DEVICE_FAMILY = "1,2";
				TEST_HOST = "$(BUILT_PRODUCTS_DIR)/Wheel Watch.app/$(BUNDLE_EXECUTABLE_FOLDER_PATH)/Wheel Watch";
			};
			name = Release;
		};
		6AA9B24B3058B04C00902ECB /* Debug */ = {
			isa = XCBuildConfiguration;
			buildSettings = {
				CODE_SIGN_STYLE = Automatic;
				CURRENT_PROJECT_VERSION = 1;
				DEVELOPMENT_TEAM = JP4TN5PTS3;
				GENERATE_INFOPLIST_FILE = YES;
				MARKETING_VERSION = 1.0;
				PRODUCT_BUNDLE_IDENTIFIER = com.zzoutuo.wheelwatchUITests;
				PRODUCT_NAME = "$(TARGET_NAME)";
				STRING_CATALOG_GENERATE_SYMBOLS = NO;
				SWIFT_APPROACHABLE_CONCURRENCY = YES;
				SWIFT_EMIT_LOC_STRINGS = NO;
				SWIFT_UPCOMING_FEATURE_MEMBER_IMPORT_VISIBILITY = YES;
				SWIFT_VERSION = 5.0;
				TARGETED_DEVICE_FAMILY = "1,2";
				TEST_TARGET_NAME = "Wheel Watch";
			};
			name = Debug;
		};
		6AA9B24C3058B04C00902ECB /* Release */ = {
			isa = XCBuildConfiguration;
			buildSettings = {
				CODE_SIGN_STYLE = Automatic;
				CURRENT_PROJECT_VERSION = 1;
				DEVELOPMENT_TEAM = JP4TN5PTS3;
				GENERATE_INFOPLIST_FILE = YES;
				MARKETING_VERSION = 1.0;
				PRODUCT_BUNDLE_IDENTIFIER = com.zzoutuo.wheelwatchUITests;
				PRODUCT_NAME = "$(TARGET_NAME)";
				STRING_CATALOG_GENERATE_SYMBOLS = NO;
				SWIFT_APPROACHABLE_CONCURRENCY = YES;
				SWIFT_EMIT_LOC_STRINGS = NO;
				SWIFT_UPCOMING_FEATURE_MEMBER_IMPORT_VISIBILITY = YES;
				SWIFT_VERSION = 5.0;
				TARGETED_DEVICE_FAMILY = "1,2";
				TEST_TARGET_NAME = "Wheel Watch";
			};
			name = Release;
		};
		FEED000000000000000000A8 /* Debug */ = {
			isa = XCBuildConfiguration;
			buildSettings = {
				CODE_SIGN_ENTITLEMENTS = "Wheel WatchWidgets/Wheel WatchWidgets.entitlements";
				CODE_SIGN_STYLE = Automatic;
				CURRENT_PROJECT_VERSION = 1;
				DEVELOPMENT_TEAM = JP4TN5PTS3;
				GENERATE_INFOPLIST_FILE = YES;
				INFOPLIST_FILE = "Wheel WatchWidgets/Info.plist";
				IPHONEOS_DEPLOYMENT_TARGET = 17.0;
				LD_RUNPATH_SEARCH_PATHS = (
					"$(inherited)",
					"@executable_path/Frameworks",
					"@executable_path/../../Frameworks",
				);
				MARKETING_VERSION = 1.0;
				PRODUCT_BUNDLE_IDENTIFIER = "com.zzoutuo.wheelwatch.widgets";
				PRODUCT_NAME = "$(TARGET_NAME)";
				SKIP_INSTALL = YES;
				SWIFT_EMIT_LOC_STRINGS = YES;
				SWIFT_VERSION = 5.0;
				TARGETED_DEVICE_FAMILY = "1,2";
			};
			name = Debug;
		};
		FEED000000000000000000A9 /* Release */ = {
			isa = XCBuildConfiguration;
			buildSettings = {
				CODE_SIGN_ENTITLEMENTS = "Wheel WatchWidgets/Wheel WatchWidgets.entitlements";
				CODE_SIGN_STYLE = Automatic;
				CURRENT_PROJECT_VERSION = 1;
				DEVELOPMENT_TEAM = JP4TN5PTS3;
				GENERATE_INFOPLIST_FILE = YES;
				INFOPLIST_FILE = "Wheel WatchWidgets/Info.plist";
				IPHONEOS_DEPLOYMENT_TARGET = 17.0;
				LD_RUNPATH_SEARCH_PATHS = (
					"$(inherited)",
					"@executable_path/Frameworks",
					"@executable_path/../../Frameworks",
				);
				MARKETING_VERSION = 1.0;
				PRODUCT_BUNDLE_IDENTIFIER = "com.zzoutuo.wheelwatch.widgets";
				PRODUCT_NAME = "$(TARGET_NAME)";
				SKIP_INSTALL = YES;
				SWIFT_COMPILATION_MODE = wholemodule;
				SWIFT_EMIT_LOC_STRINGS = YES;
				SWIFT_VERSION = 5.0;
				TARGETED_DEVICE_FAMILY = "1,2";
				VALIDATE_PRODUCT = YES;
			};
			name = Release;
		};
/* End XCBuildConfiguration section */

/* Begin XCConfigurationList section */
		6AA9B21E3058B04B00902ECB /* Build configuration list for PBXProject "Wheel Watch" */ = {
			isa = XCConfigurationList;
			buildConfigurations = (
				6AA9B2423058B04C00902ECB /* Debug */,
				6AA9B2433058B04C00902ECB /* Release */,
			);
			defaultConfigurationIsVisible = 0;
			defaultConfigurationName = Release;
		};
		6AA9B2443058B04C00902ECB /* Build configuration list for PBXNativeTarget "Wheel Watch" */ = {
			isa = XCConfigurationList;
			buildConfigurations = (
				6AA9B2453058B04C00902ECB /* Debug */,
				6AA9B2463058B04C00902ECB /* Release */,
			);
			defaultConfigurationIsVisible = 0;
			defaultConfigurationName = Release;
		};
		6AA9B2473058B04C00902ECB /* Build configuration list for PBXNativeTarget "Wheel WatchTests" */ = {
			isa = XCConfigurationList;
			buildConfigurations = (
				6AA9B2483058B04C00902ECB /* Debug */,
				6AA9B2493058B04C00902ECB /* Release */,
			);
			defaultConfigurationIsVisible = 0;
			defaultConfigurationName = Release;
		};
		6AA9B24A3058B04C00902ECB /* Build configuration list for PBXNativeTarget "Wheel WatchUITests" */ = {
			isa = XCConfigurationList;
			buildConfigurations = (
				6AA9B24B3058B04C00902ECB /* Debug */,
				6AA9B24C3058B04C00902ECB /* Release */,
			);
			defaultConfigurationIsVisible = 0;
			defaultConfigurationName = Release;
		};
		FEED000000000000000000A7 /* Build configuration list for PBXNativeTarget "Wheel WatchWidgets" */ = {
			isa = XCConfigurationList;
			buildConfigurations = (
				FEED000000000000000000A8 /* Debug */,
				FEED000000000000000000A9 /* Release */,
			);
			defaultConfigurationIsVisible = 0;
			defaultConfigurationName = Release;
		};
/* End XCConfigurationList section */
	};
	rootObject = 6AA9B21B3058B04B00902ECB /* Project object */;
}
